
Microsoft Visual Studio Solution File, Format Version 12.00
# Visual Studio 15
VisualStudioVersion = 15.0.27428.2005
MinimumVisualStudioVersion = 10.0.40219.1
Project("{FAE04EC0-301F-11D3-BF4B-00C04F79EFBC}") = "ASteambot", "ASteambot\ASteambot.csproj", "{64BCD721-AD55-4C39-B0BD-F6A1C08897DC}"
EndProject
Project("{FAE04EC0-301F-11D3-BF4B-00C04F79EFBC}") = "SteamTrade", "SteamTrade\SteamTrade.csproj", "{6CEC0333-81EB-40EE-85D1-941363626FC7}"
EndProject
Global
	GlobalSection(SolutionConfigurationPlatforms) = preSolution
		Debug|Any CPU = Debug|Any CPU
		Release|Any CPU = Release|Any CPU
	EndGlobalSection
	GlobalSection(ProjectConfigurationPlatforms) = postSolution
		{64BCD721-AD55-4C39-B0BD-F6A1C08897DC}.Debug|Any CPU.ActiveCfg = Debug|Any CPU
		{64BCD721-AD55-4C39-B0BD-F6A1C08897DC}.Debug|Any CPU.Build.0 = Debug|Any CPU
		{64BCD721-AD55-4C39-B0BD-F6A1C08897DC}.Release|Any CPU.ActiveCfg = Release|Any CPU
		{64BCD721-AD55-4C39-B0BD-F6A1C08897DC}.Release|Any CPU.Build.0 = Release|Any CPU
		{6CEC0333-81EB-40EE-85D1-941363626FC7}.Debug|Any CPU.ActiveCfg = Debug|Any CPU
		{6CEC0333-81EB-40EE-85D1-941363626FC7}.Debug|Any CPU.Build.0 = Debug|Any CPU
		{6CEC0333-81EB-40EE-85D1-941363626FC7}.Release|Any CPU.ActiveCfg = Release|Any CPU
		{6CEC0333-81EB-40EE-85D1-941363626FC7}.Release|Any CPU.Build.0 = Release|Any CPU
	EndGlobalSection
	GlobalSection(SolutionProperties) = preSolution
		HideSolutionNode = FALSE
	EndGlobalSection
	GlobalSection(ExtensibilityGlobals) = postSolution
		SolutionGuid = {EC4818D0-1C99-45CE-A1EB-5DA9C1493C96}
	EndGlobalSection
EndGlobal
